// !$*UTF8*$!
{
	archiveVersion = 1;
	classes = {
	};
	objectVersion = 48;
	objects = {

/* Begin PBXBuildFile section */
		0737E4ECE0A54477BB7A216C /* MainViewController.swift in Sources */ = {isa = PBXBuildFile; fileRef = C6DD3EBAE6EF4F05ADBF325A /* MainViewController.swift */; };
		2FAD9763203C412B000D30F8 /* config.xml in Resources */ = {isa = PBXBuildFile; fileRef = 2FAD9762203C412B000D30F8 /* config.xml */; };
		50379B232058CBB4000EE86E /* capacitor.config.json in Resources */ = {isa = PBXBuildFile; fileRef = 50379B222058CBB4000EE86E /* capacitor.config.json */; };
		504EC3081FED79650016851F /* AppDelegate.swift in Sources */ = {isa = PBXBuildFile; fileRef = 504EC3071FED79650016851F /* AppDelegate.swift */; };
		504EC30D1FED79650016851F /* Main.storyboard in Resources */ = {isa = PBXBuildFile; fileRef = 504EC30B1FED79650016851F /* Main.storyboard */; };
		504EC30F1FED79650016851F /* Assets.xcassets in Resources */ = {isa = PBXBuildFile; fileRef = 504EC30E1FED79650016851F /* Assets.xcassets */; };
		504EC3121FED79650016851F /* LaunchScreen.storyboard in Resources */ = {isa = PBXBuildFile; fileRef = 504EC3101FED79650016851F /* LaunchScreen.storyboard */; };
		50B271D11FEDC1A000F3C39B /* public in Resources */ = {isa = PBXBuildFile; fileRef = 50B271D01FEDC1A000F3C39B /* public */; };
		7C7CFE35AA5E4B4B8A332BD0 /* EthoneFocusPlugin.swift in Sources */ = {isa = PBXBuildFile; fileRef = B4286D03F605440FB75AA6BD /* EthoneFocusPlugin.swift */; };
		935142EEFE0D4F57BC936ECB /* EthoneSpotlightPlugin.swift in Sources */ = {isa = PBXBuildFile; fileRef = 6CE47E838EC74041A71400CD /* EthoneSpotlightPlugin.swift */; };
		A084ECDBA7D38E1E42DFC39D /* Pods_App.framework in Frameworks */ = {isa = PBXBuildFile; fileRef = AF277DCFFFF123FFC6DF26C7 /* Pods_App.framework */; };
		F48DB15F11D54CB3B55913E6 /* EthoneAppIntents.swift in Sources */ = {isa = PBXBuildFile; fileRef = A574DAE3029C417A96A4426E /* EthoneAppIntents.swift */; };
		XX02F5412EBC007C90F720XX /* EthoneLiveActivity.swift in Sources */ = {isa = PBXBuildFile; fileRef = XX2CA0E079554EB3C0F9B1XX /* EthoneLiveActivity.swift */; };
		XX0C87A0464D334F03518AXX /* EthoneAppEntities.swift in Sources */ = {isa = PBXBuildFile; fileRef = XX10889BE3BC7E36FCD585XX /* EthoneAppEntities.swift */; };
		XX1045A1692FA62B56C994XX /* WidgetKit.framework in Frameworks */ = {isa = PBXBuildFile; fileRef = XX11940AB5AEC0B905F872XX /* WidgetKit.framework */; };
		XX1400AF825091948C74D9XX /* Controls/EthoneFocusControl.swift in Sources */ = {isa = PBXBuildFile; fileRef = XXE28ACE708318BF7B5B89XX /* Controls/EthoneFocusControl.swift */; };
		XX14AEA040873B67D7C79FXX /* UserNotifications.framework in Frameworks */ = {isa = PBXBuildFile; fileRef = XX12C05B3D5F818398C30FXX /* UserNotifications.framework */; };
		XX18F9AD120420C741D34EXX /* WidgetKit.framework in Frameworks */ = {isa = PBXBuildFile; fileRef = XX11940AB5AEC0B905F872XX /* WidgetKit.framework */; };
		XX1AF8697BEBA0E8F82551XX /* SwiftUI.framework in Frameworks */ = {isa = PBXBuildFile; fileRef = XXE8EAF5BF080A03928E44XX /* SwiftUI.framework */; };
		XX1B03629861B8FB81C3C3XX /* ActivityKit.framework in Frameworks */ = {isa = PBXBuildFile; fileRef = XX6540AB487384FDDF0F35XX /* ActivityKit.framework */; };
		XX34092D5951973A8D18F2XX /* EthoneNotificationService.appex in Embed Foundation Extensions */ = {isa = PBXBuildFile; fileRef = XX2F472D1732C912688A79XX /* EthoneNotificationService.appex */; settings = {ATTRIBUTES = (RemoveHeadersOnCopy, ); }; };
		XX4B109375DE72D41FE9E4XX /* EthoneWidgetsBundle.swift in Sources */ = {isa = PBXBuildFile; fileRef = XX9D3587D95F175CEF3ED4XX /* EthoneWidgetsBundle.swift */; };
		XX52AB3AC6DC7297F7B810XX /* EthoneIntelligence27.swift in Sources */ = {isa = PBXBuildFile; fileRef = XX72C1C7CE0550A6F8CA42XX /* EthoneIntelligence27.swift */; };
		XX6D279A4962786252E535XX /* Controls/EthoneBrainIdeaControl.swift in Sources */ = {isa = PBXBuildFile; fileRef = XX11BCFE3BA093B4BE314FXX /* Controls/EthoneBrainIdeaControl.swift */; };
		XX6E8A81E4CC28B43871B7XX /* EthoneAppShortcuts26.swift in Sources */ = {isa = PBXBuildFile; fileRef = XXC6994DA153B015DB1CD9XX /* EthoneAppShortcuts26.swift */; };
		XX7347149DE31BFC6B9E95XX /* Info.plist in Resources */ = {isa = PBXBuildFile; fileRef = XXD233A3F6DD3CDB361735XX /* Info.plist */; };
		XX7C33BE4BD7F00F4E838AXX /* Controls/EthoneNewNoteControl.swift in Sources */ = {isa = PBXBuildFile; fileRef = XXDE81F519F3B54002884DXX /* Controls/EthoneNewNoteControl.swift */; };
		XX83BF2AD7AF2D2FC349A0XX /* AppIntents.framework in Frameworks */ = {isa = PBXBuildFile; fileRef = XXA38541A933C1CED0731BXX /* AppIntents.framework */; };
		XXAA0717B8EFF75FE66FEEXX /* NotificationService.swift in Sources */ = {isa = PBXBuildFile; fileRef = XX4497F5673E40E62BAC28XX /* NotificationService.swift */; };
		XXC0E4C68D675A2407A799XX /* ActivityKit.framework in Frameworks */ = {isa = PBXBuildFile; fileRef = XX6540AB487384FDDF0F35XX /* ActivityKit.framework */; };
		XXC335413692E36CFD26B3XX /* StandBy/EthoneStandByWidget.swift in Sources */ = {isa = PBXBuildFile; fileRef = XX327C83A33DDEB5286036XX /* StandBy/EthoneStandByWidget.swift */; };
		XXD006921CC11B66F94609XX /* Controls/EthonePresenceControl.swift in Sources */ = {isa = PBXBuildFile; fileRef = XXC39E41E3969B47582CF1XX /* Controls/EthonePresenceControl.swift */; };
		XXD027FE962E2FDDF6DEEDXX /* EthoneAppEntities.swift in Sources */ = {isa = PBXBuildFile; fileRef = XX4D37D25B10BF70FF4751XX /* EthoneAppEntities.swift */; };
		XXE219897C9B3B4E7B4FB0XX /* UserNotifications.framework in Frameworks */ = {isa = PBXBuildFile; fileRef = XX12C05B3D5F818398C30FXX /* UserNotifications.framework */; };
		XXE970D41D8CE561CB0584XX /* EthoneWidgets.appex in Embed Foundation Extensions */ = {isa = PBXBuildFile; fileRef = XX379AA316E73DE813AA5EXX /* EthoneWidgets.appex */; settings = {ATTRIBUTES = (RemoveHeadersOnCopy, ); }; };
		XXEE8866018D88BBF5206CXX /* AppIntents.framework in Frameworks */ = {isa = PBXBuildFile; fileRef = XXA38541A933C1CED0731BXX /* AppIntents.framework */; };
		XXEFD6C7A4207E9DA9AE38XX /* EthoneWidget.swift in Sources */ = {isa = PBXBuildFile; fileRef = XXD909CF9F4DC472DDEDDEXX /* EthoneWidget.swift */; };
/* End PBXBuildFile section */

/* Begin PBXContainerItemProxy section */
		XX808428520E08A24523CBXX /* PBXContainerItemProxy */ = {
			isa = PBXContainerItemProxy;
			containerPortal = 504EC2FC1FED79650016851F /* Project object */;
			proxyType = 1;
			remoteGlobalIDString = XX9F8B083412FC69CD2009XX;
			remoteInfo = EthoneWidgets;
		};
		XXDCB5C4507F14AEBEB8E4XX /* PBXContainerItemProxy */ = {
			isa = PBXContainerItemProxy;
			containerPortal = 504EC2FC1FED79650016851F /* Project object */;
			proxyType = 1;
			remoteGlobalIDString = XXDDD0BE2C3518951F9D89XX;
			remoteInfo = EthoneNotificationService;
		};
/* End PBXContainerItemProxy section */

/* Begin PBXCopyFilesBuildPhase section */
		XXF5156454089F413B48BAXX /* Embed Foundation Extensions */ = {
			isa = PBXCopyFilesBuildPhase;
			buildActionMask = 2147483647;
			files = (
				XXE970D41D8CE561CB0584XX /* EthoneWidgets.appex in Embed Foundation Extensions */,
				XX34092D5951973A8D18F2XX /* EthoneNotificationService.appex in Embed Foundation Extensions */,
			);
			runOnlyForDeploymentPostprocessing = 0;
			name = "Embed Foundation Extensions";
			dstPath = "";
			dstSubfolderSpec = 13;
		};
/* End PBXCopyFilesBuildPhase section */

/* Begin PBXFileReference section */
		2FAD9762203C412B000D30F8 /* config.xml */ = {isa = PBXFileReference; lastKnownFileType = text.xml; path = config.xml; sourceTree = "<group>"; };
		50379B222058CBB4000EE86E /* capacitor.config.json */ = {isa = PBXFileReference; fileEncoding = 4; lastKnownFileType = text.json; path = capacitor.config.json; sourceTree = "<group>"; };
		504EC3041FED79650016851F /* App.app */ = {isa = PBXFileReference; explicitFileType = wrapper.application; includeInIndex = 0; path = App.app; sourceTree = BUILT_PRODUCTS_DIR; };
		504EC3071FED79650016851F /* AppDelegate.swift */ = {isa = PBXFileReference; lastKnownFileType = sourcecode.swift; path = AppDelegate.swift; sourceTree = "<group>"; };
		504EC30C1FED79650016851F /* Base */ = {isa = PBXFileReference; lastKnownFileType = file.storyboard; name = Base; path = Base.lproj/Main.storyboard; sourceTree = "<group>"; };
		504EC30E1FED79650016851F /* Assets.xcassets */ = {isa = PBXFileReference; lastKnownFileType = folder.assetcatalog; path = Assets.xcassets; sourceTree = "<group>"; };
		504EC3111FED79650016851F /* Base */ = {isa = PBXFileReference; lastKnownFileType = file.storyboard; name = Base; path = Base.lproj/LaunchScreen.storyboard; sourceTree = "<group>"; };
		504EC3131FED79650016851F /* Info.plist */ = {isa = PBXFileReference; lastKnownFileType = text.plist.xml; path = Info.plist; sourceTree = "<group>"; };
		50B271D01FEDC1A000F3C39B /* public */ = {isa = PBXFileReference; lastKnownFileType = folder; path = public; sourceTree = "<group>"; };
		6CE47E838EC74041A71400CD /* EthoneSpotlightPlugin.swift */ = {isa = PBXFileReference; lastKnownFileType = sourcecode.swift; path = EthoneSpotlightPlugin.swift; sourceTree = "<group>"; };
		A574DAE3029C417A96A4426E /* EthoneAppIntents.swift */ = {isa = PBXFileReference; lastKnownFileType = sourcecode.swift; path = EthoneAppIntents.swift; sourceTree = "<group>"; };
		AF277DCFFFF123FFC6DF26C7 /* Pods_App.framework */ = {isa = PBXFileReference; explicitFileType = wrapper.framework; includeInIndex = 0; path = Pods_App.framework; sourceTree = BUILT_PRODUCTS_DIR; };
		AF51FD2D460BCFE21FA515B2 /* Pods-App.release.xcconfig */ = {isa = PBXFileReference; includeInIndex = 1; lastKnownFileType = text.xcconfig; name = "Pods-App.release.xcconfig"; path = "Pods/Target Support Files/Pods-App/Pods-App.release.xcconfig"; sourceTree = "<group>"; };
		B4286D03F605440FB75AA6BD /* EthoneFocusPlugin.swift */ = {isa = PBXFileReference; lastKnownFileType = sourcecode.swift; path = EthoneFocusPlugin.swift; sourceTree = "<group>"; };
		C6DD3EBAE6EF4F05ADBF325A /* MainViewController.swift */ = {isa = PBXFileReference; lastKnownFileType = sourcecode.swift; path = MainViewController.swift; sourceTree = "<group>"; };
		FC68EB0AF532CFC21C3344DD /* Pods-App.debug.xcconfig */ = {isa = PBXFileReference; includeInIndex = 1; lastKnownFileType = text.xcconfig; name = "Pods-App.debug.xcconfig"; path = "Pods/Target Support Files/Pods-App/Pods-App.debug.xcconfig"; sourceTree = "<group>"; };
		XX10889BE3BC7E36FCD585XX /* EthoneAppEntities.swift */ = {isa = PBXFileReference; lastKnownFileType = sourcecode.swift; path = EthoneAppEntities.swift; sourceTree = "<group>"; };
		XX11940AB5AEC0B905F872XX /* WidgetKit.framework */ = {isa = PBXFileReference; lastKnownFileType = wrapper.framework; name = WidgetKit.framework; path = System/Library/Frameworks/WidgetKit.framework; sourceTree = SDKROOT; };
		XX11BCFE3BA093B4BE314FXX /* Controls/EthoneBrainIdeaControl.swift */ = {isa = PBXFileReference; lastKnownFileType = sourcecode.swift; path = Controls/EthoneBrainIdeaControl.swift; sourceTree = "<group>"; };
		XX12C05B3D5F818398C30FXX /* UserNotifications.framework */ = {isa = PBXFileReference; lastKnownFileType = wrapper.framework; name = UserNotifications.framework; path = System/Library/Frameworks/UserNotifications.framework; sourceTree = SDKROOT; };
		XX2CA0E079554EB3C0F9B1XX /* EthoneLiveActivity.swift */ = {isa = PBXFileReference; lastKnownFileType = sourcecode.swift; path = EthoneLiveActivity.swift; sourceTree = "<group>"; };
		XX2F472D1732C912688A79XX /* EthoneNotificationService.appex */ = {isa = PBXFileReference; explicitFileType = "wrapper.app-extension"; includeInIndex = 0; path = EthoneNotificationService.appex; sourceTree = BUILT_PRODUCTS_DIR; };
		XX327C83A33DDEB5286036XX /* StandBy/EthoneStandByWidget.swift */ = {isa = PBXFileReference; lastKnownFileType = sourcecode.swift; path = StandBy/EthoneStandByWidget.swift; sourceTree = "<group>"; };
		XX379AA316E73DE813AA5EXX /* EthoneWidgets.appex */ = {isa = PBXFileReference; explicitFileType = "wrapper.app-extension"; includeInIndex = 0; path = EthoneWidgets.appex; sourceTree = BUILT_PRODUCTS_DIR; };
		XX4497F5673E40E62BAC28XX /* NotificationService.swift */ = {isa = PBXFileReference; lastKnownFileType = sourcecode.swift; path = NotificationService.swift; sourceTree = "<group>"; };
		XX4D37D25B10BF70FF4751XX /* EthoneAppEntities.swift */ = {isa = PBXFileReference; lastKnownFileType = sourcecode.swift; path = EthoneAppEntities.swift; sourceTree = "<group>"; };
		XX6540AB487384FDDF0F35XX /* ActivityKit.framework */ = {isa = PBXFileReference; lastKnownFileType = wrapper.framework; name = ActivityKit.framework; path = System/Library/Frameworks/ActivityKit.framework; sourceTree = SDKROOT; };
		XX72C1C7CE0550A6F8CA42XX /* EthoneIntelligence27.swift */ = {isa = PBXFileReference; lastKnownFileType = sourcecode.swift; path = EthoneIntelligence27.swift; sourceTree = "<group>"; };
		XX9D3587D95F175CEF3ED4XX /* EthoneWidgetsBundle.swift */ = {isa = PBXFileReference; lastKnownFileType = sourcecode.swift; path = EthoneWidgetsBundle.swift; sourceTree = "<group>"; };
		XXA38541A933C1CED0731BXX /* AppIntents.framework */ = {isa = PBXFileReference; lastKnownFileType = wrapper.framework; name = AppIntents.framework; path = System/Library/Frameworks/AppIntents.framework; sourceTree = SDKROOT; };
		XXB1BCC0924A704C2F717DXX /* Info.plist */ = {isa = PBXFileReference; lastKnownFileType = text.plist.xml; path = Info.plist; sourceTree = "<group>"; };
		XXC39E41E3969B47582CF1XX /* Controls/EthonePresenceControl.swift */ = {isa = PBXFileReference; lastKnownFileType = sourcecode.swift; path = Controls/EthonePresenceControl.swift; sourceTree = "<group>"; };
		XXC6994DA153B015DB1CD9XX /* EthoneAppShortcuts26.swift */ = {isa = PBXFileReference; lastKnownFileType = sourcecode.swift; path = EthoneAppShortcuts26.swift; sourceTree = "<group>"; };
		XXD233A3F6DD3CDB361735XX /* Info.plist */ = {isa = PBXFileReference; lastKnownFileType = text.plist.xml; path = Info.plist; sourceTree = "<group>"; };
		XXD909CF9F4DC472DDEDDEXX /* EthoneWidget.swift */ = {isa = PBXFileReference; lastKnownFileType = sourcecode.swift; path = EthoneWidget.swift; sourceTree = "<group>"; };
		XXDE81F519F3B54002884DXX /* Controls/EthoneNewNoteControl.swift */ = {isa = PBXFileReference; lastKnownFileType = sourcecode.swift; path = Controls/EthoneNewNoteControl.swift; sourceTree = "<group>"; };
		XXE28ACE708318BF7B5B89XX /* Controls/EthoneFocusControl.swift */ = {isa = PBXFileReference; lastKnownFileType = sourcecode.swift; path = Controls/EthoneFocusControl.swift; sourceTree = "<group>"; };
		XXE8EAF5BF080A03928E44XX /* SwiftUI.framework */ = {isa = PBXFileReference; lastKnownFileType = wrapper.framework; name = SwiftUI.framework; path = System/Library/Frameworks/SwiftUI.framework; sourceTree = SDKROOT; };
/* End PBXFileReference section */

/* Begin PBXFrameworksBuildPhase section */
		504EC3011FED79650016851F /* Frameworks */ = {
			isa = PBXFrameworksBuildPhase;
			buildActionMask = 2147483647;
			files = (
				A084ECDBA7D38E1E42DFC39D /* Pods_App.framework in Frameworks */,
				XXEE8866018D88BBF5206CXX /* AppIntents.framework in Frameworks */,
				XX1045A1692FA62B56C994XX /* WidgetKit.framework in Frameworks */,
				XX1B03629861B8FB81C3C3XX /* ActivityKit.framework in Frameworks */,
				XX14AEA040873B67D7C79FXX /* UserNotifications.framework in Frameworks */,
			);
			runOnlyForDeploymentPostprocessing = 0;
		};
		XXC8D1168402717D6877A6XX /* Frameworks */ = {
			isa = PBXFrameworksBuildPhase;
			buildActionMask = 2147483647;
			files = (
				XX18F9AD120420C741D34EXX /* WidgetKit.framework in Frameworks */,
				XXC0E4C68D675A2407A799XX /* ActivityKit.framework in Frameworks */,
				XX1AF8697BEBA0E8F82551XX /* SwiftUI.framework in Frameworks */,
				XX83BF2AD7AF2D2FC349A0XX /* AppIntents.framework in Frameworks */,
			);
			runOnlyForDeploymentPostprocessing = 0;
		};
		XXE84CC62E6451B3955239XX /* Frameworks */ = {
			isa = PBXFrameworksBuildPhase;
			buildActionMask = 2147483647;
			files = (
				XXE219897C9B3B4E7B4FB0XX /* UserNotifications.framework in Frameworks */,
			);
			runOnlyForDeploymentPostprocessing = 0;
		};
/* End PBXFrameworksBuildPhase section */

/* Begin PBXGroup section */
		1EBEC1026DB04C3A87A1A58A /* Intents */ = {
			isa = PBXGroup;
			children = (
				A574DAE3029C417A96A4426E /* EthoneAppIntents.swift */,
				XX4D37D25B10BF70FF4751XX /* EthoneAppEntities.swift */,
				XX10889BE3BC7E36FCD585XX /* EthoneAppEntities.swift */,
				XXC6994DA153B015DB1CD9XX /* EthoneAppShortcuts26.swift */,
			);
			name = Intents;
			path = Intents;
			sourceTree = "<group>";
		};
		27E2DDA53C4D2A4D1A88CE4A /* Frameworks */ = {
			isa = PBXGroup;
			children = (
				AF277DCFFFF123FFC6DF26C7 /* Pods_App.framework */,
			);
			name = Frameworks;
			sourceTree = "<group>";
		};
		504EC2FB1FED79650016851F = {
			isa = PBXGroup;
			children = (
				504EC3061FED79650016851F /* App */,
				504EC3051FED79650016851F /* Products */,
				7F8756D8B27F46E3366F6CEA /* Pods */,
				27E2DDA53C4D2A4D1A88CE4A /* Frameworks */,
				XX08C754D164444896FD69XX /* EthoneWidgets */,
				XX9AC56346C6455E490014XX /* EthoneNotificationService */,
			);
			sourceTree = "<group>";
		};
		504EC3051FED79650016851F /* Products */ = {
			isa = PBXGroup;
			children = (
				504EC3041FED79650016851F /* App.app */,
				XX379AA316E73DE813AA5EXX /* EthoneWidgets.appex */,
				XX2F472D1732C912688A79XX /* EthoneNotificationService.appex */,
			);
			name = Products;
			sourceTree = "<group>";
		};
		504EC3061FED79650016851F /* App */ = {
			isa = PBXGroup;
			children = (
				50379B222058CBB4000EE86E /* capacitor.config.json */,
				504EC3071FED79650016851F /* AppDelegate.swift */,
				C6DD3EBAE6EF4F05ADBF325A /* MainViewController.swift */,
				1EBEC1026DB04C3A87A1A58A /* Intents */,
				8834E8A5383D4A4EA08190AC /* Plugins */,
				504EC30B1FED79650016851F /* Main.storyboard */,
				504EC30E1FED79650016851F /* Assets.xcassets */,
				504EC3101FED79650016851F /* LaunchScreen.storyboard */,
				504EC3131FED79650016851F /* Info.plist */,
				2FAD9762203C412B000D30F8 /* config.xml */,
				50B271D01FEDC1A000F3C39B /* public */,
				XX35A49C2EC8AEA505220AXX /* Intelligence */,
			);
			path = App;
			sourceTree = "<group>";
		};
		7F8756D8B27F46E3366F6CEA /* Pods */ = {
			isa = PBXGroup;
			children = (
				FC68EB0AF532CFC21C3344DD /* Pods-App.debug.xcconfig */,
				AF51FD2D460BCFE21FA515B2 /* Pods-App.release.xcconfig */,
			);
			name = Pods;
			sourceTree = "<group>";
		};
		8834E8A5383D4A4EA08190AC /* Plugins */ = {
			isa = PBXGroup;
			children = (
				6CE47E838EC74041A71400CD /* EthoneSpotlightPlugin.swift */,
				B4286D03F605440FB75AA6BD /* EthoneFocusPlugin.swift */,
			);
			name = Plugins;
			path = Plugins;
			sourceTree = "<group>";
		};
		XX08C754D164444896FD69XX /* EthoneWidgets */ = {
			isa = PBXGroup;
			children = (
				XX2CA0E079554EB3C0F9B1XX /* EthoneLiveActivity.swift */,
				XXD909CF9F4DC472DDEDDEXX /* EthoneWidget.swift */,
				XX327C83A33DDEB5286036XX /* StandBy/EthoneStandByWidget.swift */,
				XX9D3587D95F175CEF3ED4XX /* EthoneWidgetsBundle.swift */,
				XXB1BCC0924A704C2F717DXX /* Info.plist */,
				XXE28ACE708318BF7B5B89XX /* Controls/EthoneFocusControl.swift */,
				XXDE81F519F3B54002884DXX /* Controls/EthoneNewNoteControl.swift */,
				XX11BCFE3BA093B4BE314FXX /* Controls/EthoneBrainIdeaControl.swift */,
				XXC39E41E3969B47582CF1XX /* Controls/EthonePresenceControl.swift */,
			);
			path = EthoneWidgets;
			sourceTree = "<group>";
		};
		XX35A49C2EC8AEA505220AXX /* Intelligence */ = {
			isa = PBXGroup;
			children = (
				XX72C1C7CE0550A6F8CA42XX /* EthoneIntelligence27.swift */,
			);
			path = Intelligence;
			sourceTree = "<group>";
		};
		XX9AC56346C6455E490014XX /* EthoneNotificationService */ = {
			isa = PBXGroup;
			children = (
				XX4497F5673E40E62BAC28XX /* NotificationService.swift */,
				XXD233A3F6DD3CDB361735XX /* Info.plist */,
			);
			path = EthoneNotificationService;
			sourceTree = "<group>";
		};
/* End PBXGroup section */

/* Begin PBXNativeTarget section */
		504EC3031FED79650016851F /* App */ = {
			isa = PBXNativeTarget;
			buildConfigurationList = 504EC3161FED79650016851F /* Build configuration list for PBXNativeTarget "App" */;
			buildPhases = (
				6634F4EFEBD30273BCE97C65 /* [CP] Check Pods Manifest.lock */,
				504EC3001FED79650016851F /* Sources */,
				504EC3011FED79650016851F /* Frameworks */,
				504EC3021FED79650016851F /* Resources */,
				9592DBEFFC6D2A0C8D5DEB22 /* [CP] Embed Pods Frameworks */,
				XXF5156454089F413B48BAXX /* Embed Foundation Extensions */,
			);
			buildRules = (
			);
			dependencies = (
				XX009A9749825A9D773367XX /* PBXTargetDependency */,
				XXF09BCDE2290B03C18180XX /* PBXTargetDependency */,
			);
			name = App;
			productName = App;
			productReference = 504EC3041FED79650016851F /* App.app */;
			productType = "com.apple.product-type.application";
		};
		XX9F8B083412FC69CD2009XX /* EthoneWidgets */ = {
			isa = PBXNativeTarget;
			buildConfigurationList = XX4558CD48B1427AEC5367XX /* Build configuration list for PBXNativeTarget "EthoneWidgets" */;
			buildPhases = (
				XXEFC85297DB5D5D960813XX /* Sources */,
				XXC8D1168402717D6877A6XX /* Frameworks */,
				XX51371DA8AB430603EC85XX /* Resources */,
			);
			buildRules = (
			);
			dependencies = (
			);
			name = EthoneWidgets;
			productName = EthoneWidgets;
			productReference = XX379AA316E73DE813AA5EXX /* EthoneWidgets.appex */;
			productType = "com.apple.product-type.app-extension";
		};
		XXDDD0BE2C3518951F9D89XX /* EthoneNotificationService */ = {
			isa = PBXNativeTarget;
			buildConfigurationList = XXD9CD02F0F3F9F58F802FXX /* Build configuration list for PBXNativeTarget "EthoneNotificationService" */;
			buildPhases = (
				XXC35B47E5EE76308D6E93XX /* Sources */,
				XXE84CC62E6451B3955239XX /* Frameworks */,
				XXC0C5E79D31F8B5041773XX /* Resources */,
			);
			buildRules = (
			);
			dependencies = (
			);
			name = EthoneNotificationService;
			productName = EthoneNotificationService;
			productReference = XX2F472D1732C912688A79XX /* EthoneNotificationService.appex */;
			productType = "com.apple.product-type.app-extension";
		};
/* End PBXNativeTarget section */

/* Begin PBXProject section */
		504EC2FC1FED79650016851F /* Project object */ = {
			isa = PBXProject;
			attributes = {
				LastSwiftUpdateCheck = 0920;
				LastUpgradeCheck = 0920;
				TargetAttributes = {
					504EC3031FED79650016851F = {
						CreatedOnToolsVersion = 9.2;
						LastSwiftMigration = 1100;
						ProvisioningStyle = Automatic;
					};
				};
			};
			buildConfigurationList = 504EC2FF1FED79650016851F /* Build configuration list for PBXProject "App" */;
			compatibilityVersion = "Xcode 8.0";
			developmentRegion = en;
			hasScannedForEncodings = 0;
			knownRegions = (
				en,
				Base,
			);
			mainGroup = 504EC2FB1FED79650016851F;
			packageReferences = (
			);
			productRefGroup = 504EC3051FED79650016851F /* Products */;
			projectDirPath = "";
			projectRoot = "";
			targets = (
				504EC3031FED79650016851F /* App */,
				XX9F8B083412FC69CD2009XX /* EthoneWidgets */,
				XXDDD0BE2C3518951F9D89XX /* EthoneNotificationService */,
			);
		};
/* End PBXProject section */

/* Begin PBXResourcesBuildPhase section */
		504EC3021FED79650016851F /* Resources */ = {
			isa = PBXResourcesBuildPhase;
			buildActionMask = 2147483647;
			files = (
				504EC3121FED79650016851F /* LaunchScreen.storyboard in Resources */,
				50B271D11FEDC1A000F3C39B /* public in Resources */,
				504EC30F1FED79650016851F /* Assets.xcassets in Resources */,
				50379B232058CBB4000EE86E /* capacitor.config.json in Resources */,
				504EC30D1FED79650016851F /* Main.storyboard in Resources */,
				2FAD9763203C412B000D30F8 /* config.xml in Resources */,
			);
			runOnlyForDeploymentPostprocessing = 0;
		};
		XX51371DA8AB430603EC85XX /* Resources */ = {
			isa = PBXResourcesBuildPhase;
			buildActionMask = 2147483647;
			files = (
			);
			runOnlyForDeploymentPostprocessing = 0;
		};
		XXC0C5E79D31F8B5041773XX /* Resources */ = {
			isa = PBXResourcesBuildPhase;
			buildActionMask = 2147483647;
			files = (
				XX7347149DE31BFC6B9E95XX /* Info.plist in Resources */,
			);
			runOnlyForDeploymentPostprocessing = 0;
		};
/* End PBXResourcesBuildPhase section */

/* Begin PBXShellScriptBuildPhase section */
		6634F4EFEBD30273BCE97C65 /* [CP] Check Pods Manifest.lock */ = {
			isa = PBXShellScriptBuildPhase;
			buildActionMask = 2147483647;
			files = (
			);
			inputPaths = (
				"${PODS_PODFILE_DIR_PATH}/Podfile.lock",
				"${PODS_ROOT}/Manifest.lock",
			);
			name = "[CP] Check Pods Manifest.lock";
			outputPaths = (
				"$(DERIVED_FILE_DIR)/Pods-App-checkManifestLockResult.txt",
			);
			runOnlyForDeploymentPostprocessing = 0;
			shellPath = /bin/sh;
			shellScript = "diff \"${PODS_PODFILE_DIR_PATH}/Podfile.lock\" \"${PODS_ROOT}/Manifest.lock\" > /dev/null\nif [ $? != 0 ] ; then\n    # print error to STDERR\n    echo \"error: The sandbox is not in sync with the Podfile.lock. Run 'pod install' or update your CocoaPods installation.\" >&2\n    exit 1\nfi\n# This output is used by Xcode 'outputs' to avoid re-running this script phase.\necho \"SUCCESS\" > \"${SCRIPT_OUTPUT_FILE_0}\"\n";
			showEnvVarsInLog = 0;
		};
		9592DBEFFC6D2A0C8D5DEB22 /* [CP] Embed Pods Frameworks */ = {
			isa = PBXShellScriptBuildPhase;
			buildActionMask = 2147483647;
			files = (
			);
			inputPaths = (
			);
			name = "[CP] Embed Pods Frameworks";
			outputPaths = (
			);
			runOnlyForDeploymentPostprocessing = 0;
			shellPath = /bin/sh;
			shellScript = "\"${PODS_ROOT}/Target Support Files/Pods-App/Pods-App-frameworks.sh\"\n";
			showEnvVarsInLog = 0;
		};
/* End PBXShellScriptBuildPhase section */

/* Begin PBXSourcesBuildPhase section */
		504EC3001FED79650016851F /* Sources */ = {
			isa = PBXSourcesBuildPhase;
			buildActionMask = 2147483647;
			files = (
				504EC3081FED79650016851F /* AppDelegate.swift in Sources */,
				0737E4ECE0A54477BB7A216C /* MainViewController.swift in Sources */,
				F48DB15F11D54CB3B55913E6 /* EthoneAppIntents.swift in Sources */,
				935142EEFE0D4F57BC936ECB /* EthoneSpotlightPlugin.swift in Sources */,
				7C7CFE35AA5E4B4B8A332BD0 /* EthoneFocusPlugin.swift in Sources */,
				XXD027FE962E2FDDF6DEEDXX /* EthoneAppEntities.swift in Sources */,
				XX0C87A0464D334F03518AXX /* EthoneAppEntities.swift in Sources */,
				XX6E8A81E4CC28B43871B7XX /* EthoneAppShortcuts26.swift in Sources */,
				XX52AB3AC6DC7297F7B810XX /* EthoneIntelligence27.swift in Sources */,
			);
			runOnlyForDeploymentPostprocessing = 0;
		};
		XXC35B47E5EE76308D6E93XX /* Sources */ = {
			isa = PBXSourcesBuildPhase;
			buildActionMask = 2147483647;
			files = (
				XXAA0717B8EFF75FE66FEEXX /* NotificationService.swift in Sources */,
			);
			runOnlyForDeploymentPostprocessing = 0;
		};
		XXEFC85297DB5D5D960813XX /* Sources */ = {
			isa = PBXSourcesBuildPhase;
			buildActionMask = 2147483647;
			files = (
				XX02F5412EBC007C90F720XX /* EthoneLiveActivity.swift in Sources */,
				XXEFD6C7A4207E9DA9AE38XX /* EthoneWidget.swift in Sources */,
				XXC335413692E36CFD26B3XX /* StandBy/EthoneStandByWidget.swift in Sources */,
				XX4B109375DE72D41FE9E4XX /* EthoneWidgetsBundle.swift in Sources */,
				XX1400AF825091948C74D9XX /* Controls/EthoneFocusControl.swift in Sources */,
				XX7C33BE4BD7F00F4E838AXX /* Controls/EthoneNewNoteControl.swift in Sources */,
				XX6D279A4962786252E535XX /* Controls/EthoneBrainIdeaControl.swift in Sources */,
				XXD006921CC11B66F94609XX /* Controls/EthonePresenceControl.swift in Sources */,
			);
			runOnlyForDeploymentPostprocessing = 0;
		};
/* End PBXSourcesBuildPhase section */

/* Begin PBXTargetDependency section */
		XX009A9749825A9D773367XX /* PBXTargetDependency */ = {
			isa = PBXTargetDependency;
			target = XX9F8B083412FC69CD2009XX /* EthoneWidgets */;
			targetProxy = XX808428520E08A24523CBXX /* PBXContainerItemProxy */;
		};
		XXF09BCDE2290B03C18180XX /* PBXTargetDependency */ = {
			isa = PBXTargetDependency;
			target = XXDDD0BE2C3518951F9D89XX /* EthoneNotificationService */;
			targetProxy = XXDCB5C4507F14AEBEB8E4XX /* PBXContainerItemProxy */;
		};
/* End PBXTargetDependency section */

/* Begin PBXVariantGroup section */
		504EC30B1FED79650016851F /* Main.storyboard */ = {
			isa = PBXVariantGroup;
			children = (
				504EC30C1FED79650016851F /* Base */,
			);
			name = Main.storyboard;
			sourceTree = "<group>";
		};
		504EC3101FED79650016851F /* LaunchScreen.storyboard */ = {
			isa = PBXVariantGroup;
			children = (
				504EC3111FED79650016851F /* Base */,
			);
			name = LaunchScreen.storyboard;
			sourceTree = "<group>";
		};
/* End PBXVariantGroup section */

/* Begin XCBuildConfiguration section */
		504EC3141FED79650016851F /* Debug */ = {
			isa = XCBuildConfiguration;
			buildSettings = {
				ALWAYS_SEARCH_USER_PATHS = NO;
				CLANG_ANALYZER_NONNULL = YES;
				CLANG_ANALYZER_NUMBER_OBJECT_CONVERSION = YES_AGGRESSIVE;
				CLANG_CXX_LANGUAGE_STANDARD = "gnu++14";
				CLANG_CXX_LIBRARY = "libc++";
				CLANG_ENABLE_MODULES = YES;
				CLANG_ENABLE_OBJC_ARC = YES;
				CLANG_WARN_BLOCK_CAPTURE_AUTORELEASING = YES;
				CLANG_WARN_BOOL_CONVERSION = YES;
				CLANG_WARN_COMMA = YES;
				CLANG_WARN_CONSTANT_CONVERSION = YES;
				CLANG_WARN_DIRECT_OBJC_ISA_USAGE = YES_ERROR;
				CLANG_WARN_DOCUMENTATION_COMMENTS = YES;
				CLANG_WARN_EMPTY_BODY = YES;
				CLANG_WARN_ENUM_CONVERSION = YES;
				CLANG_WARN_INFINITE_RECURSION = YES;
				CLANG_WARN_INT_CONVERSION = YES;
				CLANG_WARN_NON_LITERAL_NULL_CONVERSION = YES;
				CLANG_WARN_OBJC_LITERAL_CONVERSION = YES;
				CLANG_WARN_OBJC_ROOT_CLASS = YES_ERROR;
				CLANG_WARN_RANGE_LOOP_ANALYSIS = YES;
				CLANG_WARN_STRICT_PROTOTYPES = YES;
				CLANG_WARN_SUSPICIOUS_MOVE = YES;
				CLANG_WARN_UNGUARDED_AVAILABILITY = YES_AGGRESSIVE;
				CLANG_WARN_UNREACHABLE_CODE = YES;
				CLANG_WARN__DUPLICATE_METHOD_MATCH = YES;
				CODE_SIGN_IDENTITY = "iPhone Developer";
				COPY_PHASE_STRIP = NO;
				DEBUG_INFORMATION_FORMAT = dwarf;
				ENABLE_STRICT_OBJC_MSGSEND = YES;
				ENABLE_TESTABILITY = YES;
				GCC_C_LANGUAGE_STANDARD = gnu11;
				GCC_DYNAMIC_NO_PIC = NO;
				GCC_NO_COMMON_BLOCKS = YES;
				GCC_OPTIMIZATION_LEVEL = 0;
				GCC_PREPROCESSOR_DEFINITIONS = (
					"DEBUG=1",
					"$(inherited)",
				);
				GCC_WARN_64_TO_32_BIT_CONVERSION = YES;
				GCC_WARN_ABOUT_RETURN_TYPE = YES_ERROR;
				GCC_WARN_UNDECLARED_SELECTOR = YES;
				GCC_WARN_UNINITIALIZED_AUTOS = YES_AGGRESSIVE;
				GCC_WARN_UNUSED_FUNCTION = YES;
				GCC_WARN_UNUSED_VARIABLE = YES;
				IPHONEOS_DEPLOYMENT_TARGET = 14.0;
				MTL_ENABLE_DEBUG_INFO = YES;
				ONLY_ACTIVE_ARCH = YES;
				SDKROOT = iphoneos;
				SWIFT_ACTIVE_COMPILATION_CONDITIONS = DEBUG;
				SWIFT_OPTIMIZATION_LEVEL = "-Onone";
			};
			name = Debug;
		};
		504EC3151FED79650016851F /* Release */ = {
			isa = XCBuildConfiguration;
			buildSettings = {
				ALWAYS_SEARCH_USER_PATHS = NO;
				CLANG_ANALYZER_NONNULL = YES;
				CLANG_ANALYZER_NUMBER_OBJECT_CONVERSION = YES_AGGRESSIVE;
				CLANG_CXX_LANGUAGE_STANDARD = "gnu++14";
				CLANG_CXX_LIBRARY = "libc++";
				CLANG_ENABLE_MODULES = YES;
				CLANG_ENABLE_OBJC_ARC = YES;
				CLANG_WARN_BLOCK_CAPTURE_AUTORELEASING = YES;
				CLANG_WARN_BOOL_CONVERSION = YES;
				CLANG_WARN_COMMA = YES;
				CLANG_WARN_CONSTANT_CONVERSION = YES;
				CLANG_WARN_DIRECT_OBJC_ISA_USAGE = YES_ERROR;
				CLANG_WARN_DOCUMENTATION_COMMENTS = YES;
				CLANG_WARN_EMPTY_BODY = YES;
				CLANG_WARN_ENUM_CONVERSION = YES;
				CLANG_WARN_INFINITE_RECURSION = YES;
				CLANG_WARN_INT_CONVERSION = YES;
				CLANG_WARN_NON_LITERAL_NULL_CONVERSION = YES;
				CLANG_WARN_OBJC_LITERAL_CONVERSION = YES;
				CLANG_WARN_OBJC_ROOT_CLASS = YES_ERROR;
				CLANG_WARN_RANGE_LOOP_ANALYSIS = YES;
				CLANG_WARN_STRICT_PROTOTYPES = YES;
				CLANG_WARN_SUSPICIOUS_MOVE = YES;
				CLANG_WARN_UNGUARDED_AVAILABILITY = YES_AGGRESSIVE;
				CLANG_WARN_UNREACHABLE_CODE = YES;
				CLANG_WARN__DUPLICATE_METHOD_MATCH = YES;
				CODE_SIGN_IDENTITY = "iPhone Developer";
				COPY_PHASE_STRIP = NO;
				DEBUG_INFORMATION_FORMAT = "dwarf-with-dsym";
				ENABLE_NS_ASSERTIONS = NO;
				ENABLE_STRICT_OBJC_MSGSEND = YES;
				GCC_C_LANGUAGE_STANDARD = gnu11;
				GCC_NO_COMMON_BLOCKS = YES;
				GCC_WARN_64_TO_32_BIT_CONVERSION = YES;
				GCC_WARN_ABOUT_RETURN_TYPE = YES_ERROR;
				GCC_WARN_UNDECLARED_SELECTOR = YES;
				GCC_WARN_UNINITIALIZED_AUTOS = YES_AGGRESSIVE;
				GCC_WARN_UNUSED_FUNCTION = YES;
				GCC_WARN_UNUSED_VARIABLE = YES;
				IPHONEOS_DEPLOYMENT_TARGET = 14.0;
				MTL_ENABLE_DEBUG_INFO = NO;
				SDKROOT = iphoneos;
				SWIFT_OPTIMIZATION_LEVEL = "-Owholemodule";
				VALIDATE_PRODUCT = YES;
			};
			name = Release;
		};
		504EC3171FED79650016851F /* Debug */ = {
			isa = XCBuildConfiguration;
			baseConfigurationReference = FC68EB0AF532CFC21C3344DD /* Pods-App.debug.xcconfig */;
			buildSettings = {
				ASSETCATALOG_COMPILER_APPICON_NAME = AppIcon;
				CODE_SIGN_STYLE = Automatic;
				CURRENT_PROJECT_VERSION = 1;
				INFOPLIST_FILE = App/Info.plist;
				IPHONEOS_DEPLOYMENT_TARGET = 17.0;
				LD_RUNPATH_SEARCH_PATHS = "$(inherited) @executable_path/Frameworks";
				MARKETING_VERSION = 1.0;
				OTHER_SWIFT_FLAGS = "$(inherited) \"-D\" \"COCOAPODS\" \"-DDEBUG\"";
				PRODUCT_BUNDLE_IDENTIFIER = dev.ethone.app;
				PRODUCT_NAME = "$(TARGET_NAME)";
				SWIFT_ACTIVE_COMPILATION_CONDITIONS = DEBUG;
				SWIFT_VERSION = 6.0;
				TARGETED_DEVICE_FAMILY = "1,2";
				CODE_SIGN_ENTITLEMENTS = App/App.entitlements;
			};
			name = Debug;
		};
		504EC3181FED79650016851F /* Release */ = {
			isa = XCBuildConfiguration;
			baseConfigurationReference = AF51FD2D460BCFE21FA515B2 /* Pods-App.release.xcconfig */;
			buildSettings = {
				ASSETCATALOG_COMPILER_APPICON_NAME = AppIcon;
				CODE_SIGN_STYLE = Automatic;
				CURRENT_PROJECT_VERSION = 1;
				INFOPLIST_FILE = App/Info.plist;
				IPHONEOS_DEPLOYMENT_TARGET = 17.0;
				LD_RUNPATH_SEARCH_PATHS = "$(inherited) @executable_path/Frameworks";
				MARKETING_VERSION = 1.0;
				PRODUCT_BUNDLE_IDENTIFIER = dev.ethone.app;
				PRODUCT_NAME = "$(TARGET_NAME)";
				SWIFT_ACTIVE_COMPILATION_CONDITIONS = "";
				SWIFT_VERSION = 6.0;
				TARGETED_DEVICE_FAMILY = "1,2";
				CODE_SIGN_ENTITLEMENTS = App/App.entitlements;
			};
			name = Release;
		};
		XX119764C1599CF3DD58B1XX /* Release */ = {
			isa = XCBuildConfiguration;
			buildSettings = {
				PRODUCT_BUNDLE_IDENTIFIER = dev.ethone.app.EthoneNotificationService;
				INFOPLIST_FILE = EthoneNotificationService/Info.plist;
				INFOPLIST_KEY_CFBundleDisplayName = "Ethone Notification Service";
				SWIFT_VERSION = 6.0;
				CODE_SIGN_STYLE = Manual;
				CODE_SIGN_IDENTITY = "";
				DEVELOPMENT_TEAM = "";
				PROVISIONING_PROFILE_SPECIFIER = "";
				IPHONEOS_DEPLOYMENT_TARGET = 26.0;
				TARGETED_DEVICE_FAMILY = "1,2";
				MARKETING_VERSION = 1.8.0;
				CURRENT_PROJECT_VERSION = 1;
				GENERATE_INFOPLIST_FILE = NO;
				SKIP_INSTALL = YES;
				PRODUCT_NAME = EthoneNotificationService;
				EXECUTABLE_NAME = EthoneNotificationService;
				LD_RUNPATH_SEARCH_PATHS = "$(inherited) @executable_path/Frameworks @executable_path/../../Frameworks";
				CODE_SIGN_ENTITLEMENTS = EthoneNotificationService/EthoneNotificationService.entitlements;
			};
			name = Release;
		};
		XX31ABC8DE83C6AE9F72B1XX /* Debug */ = {
			isa = XCBuildConfiguration;
			buildSettings = {
				PRODUCT_BUNDLE_IDENTIFIER = dev.ethone.app.EthoneNotificationService;
				INFOPLIST_FILE = EthoneNotificationService/Info.plist;
				INFOPLIST_KEY_CFBundleDisplayName = "Ethone Notification Service";
				SWIFT_VERSION = 6.0;
				CODE_SIGN_STYLE = Manual;
				CODE_SIGN_IDENTITY = "";
				DEVELOPMENT_TEAM = "";
				PROVISIONING_PROFILE_SPECIFIER = "";
				IPHONEOS_DEPLOYMENT_TARGET = 26.0;
				TARGETED_DEVICE_FAMILY = "1,2";
				MARKETING_VERSION = 1.8.0;
				CURRENT_PROJECT_VERSION = 1;
				GENERATE_INFOPLIST_FILE = NO;
				SKIP_INSTALL = YES;
				PRODUCT_NAME = EthoneNotificationService;
				EXECUTABLE_NAME = EthoneNotificationService;
				LD_RUNPATH_SEARCH_PATHS = "$(inherited) @executable_path/Frameworks @executable_path/../../Frameworks";
				CODE_SIGN_ENTITLEMENTS = EthoneNotificationService/EthoneNotificationService.entitlements;
			};
			name = Debug;
		};
		XX5621A4EEEAC9570CC51DXX /* Debug */ = {
			isa = XCBuildConfiguration;
			buildSettings = {
				PRODUCT_BUNDLE_IDENTIFIER = dev.ethone.app.EthoneWidgets;
				INFOPLIST_FILE = EthoneWidgets/Info.plist;
				INFOPLIST_KEY_CFBundleDisplayName = "Ethone Widgets";
				SWIFT_VERSION = 5.0;
				CODE_SIGN_STYLE = Manual;
				CODE_SIGN_IDENTITY = "";
				DEVELOPMENT_TEAM = "";
				PROVISIONING_PROFILE_SPECIFIER = "";
				IPHONEOS_DEPLOYMENT_TARGET = 18.0;
				TARGETED_DEVICE_FAMILY = "1,2";
				MARKETING_VERSION = 1.7.63;
				CURRENT_PROJECT_VERSION = 1;
				GENERATE_INFOPLIST_FILE = NO;
				SKIP_INSTALL = YES;
				PRODUCT_NAME = EthoneWidgets;
				EXECUTABLE_NAME = EthoneWidgets;
				LD_RUNPATH_SEARCH_PATHS = "$(inherited) @executable_path/Frameworks @executable_path/../../Frameworks";
				CODE_SIGN_ENTITLEMENTS = EthoneWidgets/EthoneWidgets.entitlements;
			};
			name = Debug;
		};
		XXFA1981F55FB23779617EXX /* Release */ = {
			isa = XCBuildConfiguration;
			buildSettings = {
				PRODUCT_BUNDLE_IDENTIFIER = dev.ethone.app.EthoneWidgets;
				INFOPLIST_FILE = EthoneWidgets/Info.plist;
				INFOPLIST_KEY_CFBundleDisplayName = "Ethone Widgets";
				SWIFT_VERSION = 5.0;
				CODE_SIGN_STYLE = Manual;
				CODE_SIGN_IDENTITY = "";
				DEVELOPMENT_TEAM = "";
				PROVISIONING_PROFILE_SPECIFIER = "";
				IPHONEOS_DEPLOYMENT_TARGET = 18.0;
				TARGETED_DEVICE_FAMILY = "1,2";
				MARKETING_VERSION = 1.7.63;
				CURRENT_PROJECT_VERSION = 1;
				GENERATE_INFOPLIST_FILE = NO;
				SKIP_INSTALL = YES;
				PRODUCT_NAME = EthoneWidgets;
				EXECUTABLE_NAME = EthoneWidgets;
				LD_RUNPATH_SEARCH_PATHS = "$(inherited) @executable_path/Frameworks @executable_path/../../Frameworks";
				CODE_SIGN_ENTITLEMENTS = EthoneWidgets/EthoneWidgets.entitlements;
			};
			name = Release;
		};
/* End XCBuildConfiguration section */

/* Begin XCConfigurationList section */
		504EC2FF1FED79650016851F /* Build configuration list for PBXProject "App" */ = {
			isa = XCConfigurationList;
			buildConfigurations = (
				504EC3141FED79650016851F /* Debug */,
				504EC3151FED79650016851F /* Release */,
			);
			defaultConfigurationIsVisible = 0;
			defaultConfigurationName = Release;
		};
		504EC3161FED79650016851F /* Build configuration list for PBXNativeTarget "App" */ = {
			isa = XCConfigurationList;
			buildConfigurations = (
				504EC3171FED79650016851F /* Debug */,
				504EC3181FED79650016851F /* Release */,
			);
			defaultConfigurationIsVisible = 0;
			defaultConfigurationName = Release;
		};
		XX4558CD48B1427AEC5367XX /* Build configuration list for PBXNativeTarget "EthoneWidgets" */ = {
			isa = XCConfigurationList;
			buildConfigurations = (
				XX5621A4EEEAC9570CC51DXX /* Debug */,
				XXFA1981F55FB23779617EXX /* Release */,
			);
			defaultConfigurationIsVisible = 0;
			defaultConfigurationName = Release;
		};
		XXD9CD02F0F3F9F58F802FXX /* Build configuration list for PBXNativeTarget "EthoneNotificationService" */ = {
			isa = XCConfigurationList;
			buildConfigurations = (
				XX31ABC8DE83C6AE9F72B1XX /* Debug */,
				XX119764C1599CF3DD58B1XX /* Release */,
			);
			defaultConfigurationIsVisible = 0;
			defaultConfigurationName = Release;
		};
/* End XCConfigurationList section */
	};
	rootObject = 504EC2FC1FED79650016851F /* Project object */;
}
